
Microsoft Visual Studio Solution File, Format Version 12.00
# Visual Studio Version 17
VisualStudioVersion = 17.0.31903.59
MinimumVisualStudioVersion = 10.0.40219.1
Project("{2150E333-8FDC-42A3-9474-1A3956D46DE8}") = "src", "src", "{827E0CD3-B72D-47B6-A68D-7590B98EB39B}"
EndProject
Project("{FAE04EC0-301F-11D3-BF4B-00C04F79EFBC}") = "ServiceBus.Contracts", "src\ServiceBus.Contracts\ServiceBus.Contracts.csproj", "{3E879322-2489-4E1F-8DB9-218CB6AFE6D9}"
EndProject
Project("{FAE04EC0-301F-11D3-BF4B-00C04F79EFBC}") = "ServiceBus.Messaging", "src\ServiceBus.Messaging\ServiceBus.Messaging.csproj", "{178969A5-E021-495B-8354-4DE2235181D1}"
EndProject
Project("{FAE04EC0-301F-11D3-BF4B-00C04F79EFBC}") = "ServiceBus.Api", "src\ServiceBus.Api\ServiceBus.Api.csproj", "{765EA0DF-D8B0-4D1B-A3C9-33D85BB96FA1}"
EndProject
Project("{FAE04EC0-301F-11D3-BF4B-00C04F79EFBC}") = "ServiceBus.Dispatcher", "src\ServiceBus.Dispatcher\ServiceBus.Dispatcher.csproj", "{55849D6D-ECD0-4845-96A6-207E8199429F}"
EndProject
Project("{FAE04EC0-301F-11D3-BF4B-00C04F79EFBC}") = "SourceApp", "src\SourceApp\SourceApp.csproj", "{EBF0ACB9-C57E-4549-B8BB-E055EFA059A4}"
EndProject
Project("{FAE04EC0-301F-11D3-BF4B-00C04F79EFBC}") = "PartnerApp", "src\PartnerApp\PartnerApp.csproj", "{43885AC8-527E-4F45-ACDB-9E5C94AE0EFC}"
EndProject
Global
	GlobalSection(SolutionConfigurationPlatforms) = preSolution
		Debug|Any CPU = Debug|Any CPU
		Debug|x64 = Debug|x64
		Debug|x86 = Debug|x86
		Release|Any CPU = Release|Any CPU
		Release|x64 = Release|x64
		Release|x86 = Release|x86
	EndGlobalSection
	GlobalSection(ProjectConfigurationPlatforms) = postSolution
		{3E879322-2489-4E1F-8DB9-218CB6AFE6D9}.Debug|Any CPU.ActiveCfg = Debug|Any CPU
		{3E879322-2489-4E1F-8DB9-218CB6AFE6D9}.Debug|Any CPU.Build.0 = Debug|Any CPU
		{3E879322-2489-4E1F-8DB9-218CB6AFE6D9}.Debug|x64.ActiveCfg = Debug|Any CPU
		{3E879322-2489-4E1F-8DB9-218CB6AFE6D9}.Debug|x64.Build.0 = Debug|Any CPU
		{3E879322-2489-4E1F-8DB9-218CB6AFE6D9}.Debug|x86.ActiveCfg = Debug|Any CPU
		{3E879322-2489-4E1F-8DB9-218CB6AFE6D9}.Debug|x86.Build.0 = Debug|Any CPU
		{3E879322-2489-4E1F-8DB9-218CB6AFE6D9}.Release|Any CPU.ActiveCfg = Release|Any CPU
		{3E879322-2489-4E1F-8DB9-218CB6AFE6D9}.Release|Any CPU.Build.0 = Release|Any CPU
		{3E879322-2489-4E1F-8DB9-218CB6AFE6D9}.Release|x64.ActiveCfg = Release|Any CPU
		{3E879322-2489-4E1F-8DB9-218CB6AFE6D9}.Release|x64.Build.0 = Release|Any CPU
		{3E879322-2489-4E1F-8DB9-218CB6AFE6D9}.Release|x86.ActiveCfg = Release|Any CPU
		{3E879322-2489-4E1F-8DB9-218CB6AFE6D9}.Release|x86.Build.0 = Release|Any CPU
		{178969A5-E021-495B-8354-4DE2235181D1}.Debug|Any CPU.ActiveCfg = Debug|Any CPU
		{178969A5-E021-495B-8354-4DE2235181D1}.Debug|Any CPU.Build.0 = Debug|Any CPU
		{178969A5-E021-495B-8354-4DE2235181D1}.Debug|x64.ActiveCfg = Debug|Any CPU
		{178969A5-E021-495B-8354-4DE2235181D1}.Debug|x64.Build.0 = Debug|Any CPU
		{178969A5-E021-495B-8354-4DE2235181D1}.Debug|x86.ActiveCfg = Debug|Any CPU
		{178969A5-E021-495B-8354-4DE2235181D1}.Debug|x86.Build.0 = Debug|Any CPU
		{178969A5-E021-495B-8354-4DE2235181D1}.Release|Any CPU.ActiveCfg = Release|Any CPU
		{178969A5-E021-495B-8354-4DE2235181D1}.Release|Any CPU.Build.0 = Release|Any CPU
		{178969A5-E021-495B-8354-4DE2235181D1}.Release|x64.ActiveCfg = Release|Any CPU
		{178969A5-E021-495B-8354-4DE2235181D1}.Release|x64.Build.0 = Release|Any CPU
		{178969A5-E021-495B-8354-4DE2235181D1}.Release|x86.ActiveCfg = Release|Any CPU
		{178969A5-E021-495B-8354-4DE2235181D1}.Release|x86.Build.0 = Release|Any CPU
		{765EA0DF-D8B0-4D1B-A3C9-33D85BB96FA1}.Debug|Any CPU.ActiveCfg = Debug|Any CPU
		{765EA0DF-D8B0-4D1B-A3C9-33D85BB96FA1}.Debug|Any CPU.Build.0 = Debug|Any CPU
		{765EA0DF-D8B0-4D1B-A3C9-33D85BB96FA1}.Debug|x64.ActiveCfg = Debug|Any CPU
		{765EA0DF-D8B0-4D1B-A3C9-33D85BB96FA1}.Debug|x64.Build.0 = Debug|Any CPU
		{765EA0DF-D8B0-4D1B-A3C9-33D85BB96FA1}.Debug|x86.ActiveCfg = Debug|Any CPU
		{765EA0DF-D8B0-4D1B-A3C9-33D85BB96FA1}.Debug|x86.Build.0 = Debug|Any CPU
		{765EA0DF-D8B0-4D1B-A3C9-33D85BB96FA1}.Release|Any CPU.ActiveCfg = Release|Any CPU
		{765EA0DF-D8B0-4D1B-A3C9-33D85BB96FA1}.Release|Any CPU.Build.0 = Release|Any CPU
		{765EA0DF-D8B0-4D1B-A3C9-33D85BB96FA1}.Release|x64.ActiveCfg = Release|Any CPU
		{765EA0DF-D8B0-4D1B-A3C9-33D85BB96FA1}.Release|x64.Build.0 = Release|Any CPU
		{765EA0DF-D8B0-4D1B-A3C9-33D85BB96FA1}.Release|x86.ActiveCfg = Release|Any CPU
		{765EA0DF-D8B0-4D1B-A3C9-33D85BB96FA1}.Release|x86.Build.0 = Release|Any CPU
		{55849D6D-ECD0-4845-96A6-207E8199429F}.Debug|Any CPU.ActiveCfg = Debug|Any CPU
		{55849D6D-ECD0-4845-96A6-207E8199429F}.Debug|Any CPU.Build.0 = Debug|Any CPU
		{55849D6D-ECD0-4845-96A6-207E8199429F}.Debug|x64.ActiveCfg = Debug|Any CPU
		{55849D6D-ECD0-4845-96A6-207E8199429F}.Debug|x64.Build.0 = Debug|Any CPU
		{55849D6D-ECD0-4845-96A6-207E8199429F}.Debug|x86.ActiveCfg = Debug|Any CPU
		{55849D6D-ECD0-4845-96A6-207E8199429F}.Debug|x86.Build.0 = Debug|Any CPU
		{55849D6D-ECD0-4845-96A6-207E8199429F}.Release|Any CPU.ActiveCfg = Release|Any CPU
		{55849D6D-ECD0-4845-96A6-207E8199429F}.Release|Any CPU.Build.0 = Release|Any CPU
		{55849D6D-ECD0-4845-96A6-207E8199429F}.Release|x64.ActiveCfg = Release|Any CPU
		{55849D6D-ECD0-4845-96A6-207E8199429F}.Release|x64.Build.0 = Release|Any CPU
		{55849D6D-ECD0-4845-96A6-207E8199429F}.Release|x86.ActiveCfg = Release|Any CPU
		{55849D6D-ECD0-4845-96A6-207E8199429F}.Release|x86.Build.0 = Release|Any CPU
		{EBF0ACB9-C57E-4549-B8BB-E055EFA059A4}.Debug|Any CPU.ActiveCfg = Debug|Any CPU
		{EBF0ACB9-C57E-4549-B8BB-E055EFA059A4}.Debug|Any CPU.Build.0 = Debug|Any CPU
		{EBF0ACB9-C57E-4549-B8BB-E055EFA059A4}.Debug|x64.ActiveCfg = Debug|Any CPU
		{EBF0ACB9-C57E-4549-B8BB-E055EFA059A4}.Debug|x64.Build.0 = Debug|Any CPU
		{EBF0ACB9-C57E-4549-B8BB-E055EFA059A4}.Debug|x86.ActiveCfg = Debug|Any CPU
		{EBF0ACB9-C57E-4549-B8BB-E055EFA059A4}.Debug|x86.Build.0 = Debug|Any CPU
		{EBF0ACB9-C57E-4549-B8BB-E055EFA059A4}.Release|Any CPU.ActiveCfg = Release|Any CPU
		{EBF0ACB9-C57E-4549-B8BB-E055EFA059A4}.Release|Any CPU.Build.0 = Release|Any CPU
		{EBF0ACB9-C57E-4549-B8BB-E055EFA059A4}.Release|x64.ActiveCfg = Release|Any CPU
		{EBF0ACB9-C57E-4549-B8BB-E055EFA059A4}.Release|x64.Build.0 = Release|Any CPU
		{EBF0ACB9-C57E-4549-B8BB-E055EFA059A4}.Release|x86.ActiveCfg = Release|Any CPU
		{EBF0ACB9-C57E-4549-B8BB-E055EFA059A4}.Release|x86.Build.0 = Release|Any CPU
		{43885AC8-527E-4F45-ACDB-9E5C94AE0EFC}.Debug|Any CPU.ActiveCfg = Debug|Any CPU
		{43885AC8-527E-4F45-ACDB-9E5C94AE0EFC}.Debug|Any CPU.Build.0 = Debug|Any CPU
		{43885AC8-527E-4F45-ACDB-9E5C94AE0EFC}.Debug|x64.ActiveCfg = Debug|Any CPU
		{43885AC8-527E-4F45-ACDB-9E5C94AE0EFC}.Debug|x64.Build.0 = Debug|Any CPU
		{43885AC8-527E-4F45-ACDB-9E5C94AE0EFC}.Debug|x86.ActiveCfg = Debug|Any CPU
		{43885AC8-527E-4F45-ACDB-9E5C94AE0EFC}.Debug|x86.Build.0 = Debug|Any CPU
		{43885AC8-527E-4F45-ACDB-9E5C94AE0EFC}.Release|Any CPU.ActiveCfg = Release|Any CPU
		{43885AC8-527E-4F45-ACDB-9E5C94AE0EFC}.Release|Any CPU.Build.0 = Release|Any CPU
		{43885AC8-527E-4F45-ACDB-9E5C94AE0EFC}.Release|x64.ActiveCfg = Release|Any CPU
		{43885AC8-527E-4F45-ACDB-9E5C94AE0EFC}.Release|x64.Build.0 = Release|Any CPU
		{43885AC8-527E-4F45-ACDB-9E5C94AE0EFC}.Release|x86.ActiveCfg = Release|Any CPU
		{43885AC8-527E-4F45-ACDB-9E5C94AE0EFC}.Release|x86.Build.0 = Release|Any CPU
	EndGlobalSection
	GlobalSection(SolutionProperties) = preSolution
		HideSolutionNode = FALSE
	EndGlobalSection
	GlobalSection(NestedProjects) = preSolution
		{3E879322-2489-4E1F-8DB9-218CB6AFE6D9} = {827E0CD3-B72D-47B6-A68D-7590B98EB39B}
		{178969A5-E021-495B-8354-4DE2235181D1} = {827E0CD3-B72D-47B6-A68D-7590B98EB39B}
		{765EA0DF-D8B0-4D1B-A3C9-33D85BB96FA1} = {827E0CD3-B72D-47B6-A68D-7590B98EB39B}
		{55849D6D-ECD0-4845-96A6-207E8199429F} = {827E0CD3-B72D-47B6-A68D-7590B98EB39B}
		{EBF0ACB9-C57E-4549-B8BB-E055EFA059A4} = {827E0CD3-B72D-47B6-A68D-7590B98EB39B}
		{43885AC8-527E-4F45-ACDB-9E5C94AE0EFC} = {827E0CD3-B72D-47B6-A68D-7590B98EB39B}
	EndGlobalSection
EndGlobal
